
Microsoft Visual Studio Solution File, Format Version 12.00
# Visual Studio Version 17
VisualStudioVersion = 17.0.31903.59
MinimumVisualStudioVersion = 10.0.40219.1
Project("{FAE04EC0-301F-11D3-BF4B-00C04F79EFBC}") = "DeltaLake", "src\DeltaLake\DeltaLake.csproj", "{0083C410-3A1A-42C9-A453-9478B4564E09}"
EndProject
Project("{FAE04EC0-301F-11D3-BF4B-00C04F79EFBC}") = "DeltaLake.Azure", "src\DeltaLake.Azure\DeltaLake.Azure.csproj", "{8FB0C793-9635-43CD-8046-3B65054BF5E7}"
EndProject
Project("{2150E333-8FDC-42A3-9474-1A3956D46DE8}") = "tests", "tests", "{BA568E64-FD80-4A07-9455-D17AA1BA01F6}"
EndProject
Project("{FAE04EC0-301F-11D3-BF4B-00C04F79EFBC}") = "DeltaLake.Tests", "tests\DeltaLake.Tests\DeltaLake.Tests.csproj", "{8D11F1A4-2A2E-4599-A34E-7B0590B4D772}"
EndProject
Project("{FAE04EC0-301F-11D3-BF4B-00C04F79EFBC}") = "DeltaLake.Azure.Tests", "tests\DeltaLake.Azure.Tests\DeltaLake.Azure.Tests.csproj", "{B5A62033-5653-4DB2-A27C-6BE1F8B44530}"
EndProject
Global
	GlobalSection(SolutionConfigurationPlatforms) = preSolution
		Debug|Any CPU = Debug|Any CPU
		Release|Any CPU = Release|Any CPU
	EndGlobalSection
	GlobalSection(SolutionProperties) = preSolution
		HideSolutionNode = FALSE
	EndGlobalSection
	GlobalSection(ProjectConfigurationPlatforms) = postSolution
		{0083C410-3A1A-42C9-A453-9478B4564E09}.Debug|Any CPU.ActiveCfg = Debug|Any CPU
		{0083C410-3A1A-42C9-A453-9478B4564E09}.Debug|Any CPU.Build.0 = Debug|Any CPU
		{0083C410-3A1A-42C9-A453-9478B4564E09}.Release|Any CPU.ActiveCfg = Release|Any CPU
		{0083C410-3A1A-42C9-A453-9478B4564E09}.Release|Any CPU.Build.0 = Release|Any CPU
		{8FB0C793-9635-43CD-8046-3B65054BF5E7}.Debug|Any CPU.ActiveCfg = Debug|Any CPU
		{8FB0C793-9635-43CD-8046-3B65054BF5E7}.Debug|Any CPU.Build.0 = Debug|Any CPU
		{8FB0C793-9635-43CD-8046-3B65054BF5E7}.Release|Any CPU.ActiveCfg = Release|Any CPU
		{8FB0C793-9635-43CD-8046-3B65054BF5E7}.Release|Any CPU.Build.0 = Release|Any CPU
		{8D11F1A4-2A2E-4599-A34E-7B0590B4D772}.Debug|Any CPU.ActiveCfg = Debug|Any CPU
		{8D11F1A4-2A2E-4599-A34E-7B0590B4D772}.Debug|Any CPU.Build.0 = Debug|Any CPU
		{8D11F1A4-2A2E-4599-A34E-7B0590B4D772}.Release|Any CPU.ActiveCfg = Release|Any CPU
		{8D11F1A4-2A2E-4599-A34E-7B0590B4D772}.Release|Any CPU.Build.0 = Release|Any CPU
		{B5A62033-5653-4DB2-A27C-6BE1F8B44530}.Debug|Any CPU.ActiveCfg = Debug|Any CPU
		{B5A62033-5653-4DB2-A27C-6BE1F8B44530}.Debug|Any CPU.Build.0 = Debug|Any CPU
		{B5A62033-5653-4DB2-A27C-6BE1F8B44530}.Release|Any CPU.ActiveCfg = Release|Any CPU
		{B5A62033-5653-4DB2-A27C-6BE1F8B44530}.Release|Any CPU.Build.0 = Release|Any CPU
	EndGlobalSection
	GlobalSection(NestedProjects) = preSolution
		{8D11F1A4-2A2E-4599-A34E-7B0590B4D772} = {BA568E64-FD80-4A07-9455-D17AA1BA01F6}
		{B5A62033-5653-4DB2-A27C-6BE1F8B44530} = {BA568E64-FD80-4A07-9455-D17AA1BA01F6}
	EndGlobalSection
EndGlobal
